
Microsoft Visual Studio Solution File, Format Version 12.00
# Visual Studio 15
VisualStudioVersion = 15.0.27703.2018
MinimumVisualStudioVersion = 10.0.40219.1
Project("{FAE04EC0-301F-11D3-BF4B-00C04F79EFBC}") = "GolfGear", "GolfGear\GolfGear.csproj", "{38EA3AAE-1CD8-4BF2-AE76-6E802E0000B0}"
EndProject
Project("{E53339B2-1760-4266-BCC7-CA923CBCF16C}") = "docker-compose", "docker-compose.dcproj", "{E09D7815-A08D-475B-8BFF-233FEB2F6E08}"
EndProject
Global
	GlobalSection(SolutionConfigurationPlatforms) = preSolution
		Debug|Any CPU = Debug|Any CPU
		Release|Any CPU = Release|Any CPU
	EndGlobalSection
	GlobalSection(ProjectConfigurationPlatforms) = postSolution
		{38EA3AAE-1CD8-4BF2-AE76-6E802E0000B0}.Debug|Any CPU.ActiveCfg = Debug|Any CPU
		{38EA3AAE-1CD8-4BF2-AE76-6E802E0000B0}.Debug|Any CPU.Build.0 = Debug|Any CPU
		{38EA3AAE-1CD8-4BF2-AE76-6E802E0000B0}.Release|Any CPU.ActiveCfg = Release|Any CPU
		{38EA3AAE-1CD8-4BF2-AE76-6E802E0000B0}.Release|Any CPU.Build.0 = Release|Any CPU
		{E09D7815-A08D-475B-8BFF-233FEB2F6E08}.Debug|Any CPU.ActiveCfg = Debug|Any CPU
		{E09D7815-A08D-475B-8BFF-233FEB2F6E08}.Debug|Any CPU.Build.0 = Debug|Any CPU
		{E09D7815-A08D-475B-8BFF-233FEB2F6E08}.Release|Any CPU.ActiveCfg = Release|Any CPU
		{E09D7815-A08D-475B-8BFF-233FEB2F6E08}.Release|Any CPU.Build.0 = Release|Any CPU
	EndGlobalSection
	GlobalSection(SolutionProperties) = preSolution
		HideSolutionNode = FALSE
	EndGlobalSection
	GlobalSection(ExtensibilityGlobals) = postSolution
		SolutionGuid = {7D516CB9-447A-4A42-80CE-2909E7E5F518}
	EndGlobalSection
EndGlobal
